
Microsoft Visual Studio Solution File, Format Version 12.00
# Visual Studio Version 16
VisualStudioVersion = 16.0.29409.12
MinimumVisualStudioVersion = 10.0.40219.1
Project("{FAE04EC0-301F-11D3-BF4B-00C04F79EFBC}") = "Lab4", "Lab4\Lab4.csproj", "{FE40193B-B6B4-4B59-A0B4-51E5F21EB454}"
EndProject
Global
	GlobalSection(SolutionConfigurationPlatforms) = preSolution
		Debug|Any CPU = Debug|Any CPU
		Release|Any CPU = Release|Any CPU
	EndGlobalSection
	GlobalSection(ProjectConfigurationPlatforms) = postSolution
		{FE40193B-B6B4-4B59-A0B4-51E5F21EB454}.Debug|Any CPU.ActiveCfg = Debug|Any CPU
		{FE40193B-B6B4-4B59-A0B4-51E5F21EB454}.Debug|Any CPU.Build.0 = Debug|Any CPU
		{FE40193B-B6B4-4B59-A0B4-51E5F21EB454}.Release|Any CPU.ActiveCfg = Release|Any CPU
		{FE40193B-B6B4-4B59-A0B4-51E5F21EB454}.Release|Any CPU.Build.0 = Release|Any CPU
	EndGlobalSection
	GlobalSection(SolutionProperties) = preSolution
		HideSolutionNode = FALSE
	EndGlobalSection
	GlobalSection(ExtensibilityGlobals) = postSolution
		SolutionGuid = {07DA999A-FF7F-4248-A08A-D41D5942D7CE}
	EndGlobalSection
EndGlobal
