
Microsoft Visual Studio Solution File, Format Version 12.00
# Visual Studio Version 16
VisualStudioVersion = 16.0.29409.12
MinimumVisualStudioVersion = 10.0.40219.1
Project("{FAE04EC0-301F-11D3-BF4B-00C04F79EFBC}") = "Lab2", "Lab2\Lab2.csproj", "{A1DF30E0-7B67-405A-9F58-14D4FC1ECA50}"
EndProject
Project("{FAE04EC0-301F-11D3-BF4B-00C04F79EFBC}") = "Lab2Tests", "Lab2Tests\Lab2Tests.csproj", "{424A3001-7135-4889-A6BD-1C3FC35C3FBF}"
EndProject
Global
	GlobalSection(SolutionConfigurationPlatforms) = preSolution
		Debug|Any CPU = Debug|Any CPU
		Release|Any CPU = Release|Any CPU
	EndGlobalSection
	GlobalSection(ProjectConfigurationPlatforms) = postSolution
		{A1DF30E0-7B67-405A-9F58-14D4FC1ECA50}.Debug|Any CPU.ActiveCfg = Debug|Any CPU
		{A1DF30E0-7B67-405A-9F58-14D4FC1ECA50}.Debug|Any CPU.Build.0 = Debug|Any CPU
		{A1DF30E0-7B67-405A-9F58-14D4FC1ECA50}.Release|Any CPU.ActiveCfg = Release|Any CPU
		{A1DF30E0-7B67-405A-9F58-14D4FC1ECA50}.Release|Any CPU.Build.0 = Release|Any CPU
		{424A3001-7135-4889-A6BD-1C3FC35C3FBF}.Debug|Any CPU.ActiveCfg = Debug|Any CPU
		{424A3001-7135-4889-A6BD-1C3FC35C3FBF}.Debug|Any CPU.Build.0 = Debug|Any CPU
		{424A3001-7135-4889-A6BD-1C3FC35C3FBF}.Release|Any CPU.ActiveCfg = Release|Any CPU
		{424A3001-7135-4889-A6BD-1C3FC35C3FBF}.Release|Any CPU.Build.0 = Release|Any CPU
	EndGlobalSection
	GlobalSection(SolutionProperties) = preSolution
		HideSolutionNode = FALSE
	EndGlobalSection
	GlobalSection(ExtensibilityGlobals) = postSolution
		SolutionGuid = {3806709D-BEF2-47D5-A707-58936E95BDA9}
	EndGlobalSection
EndGlobal
